
Microsoft Visual Studio Solution File, Format Version 12.00
# Visual Studio Version 17
VisualStudioVersion = 17.4.33213.308
MinimumVisualStudioVersion = 10.0.40219.1
Project("{FAE04EC0-301F-11D3-BF4B-00C04F79EFBC}") = "ZatcaEinvoicingPhase2Integration", "ZatcaEinvoicingPhase2Integration\ZatcaEinvoicingPhase2Integration.csproj", "{28112741-4B6D-463E-8736-BCAACD62D868}"
EndProject
Global
	GlobalSection(SolutionConfigurationPlatforms) = preSolution
		Debug|Any CPU = Debug|Any CPU
		Release|Any CPU = Release|Any CPU
	EndGlobalSection
	GlobalSection(ProjectConfigurationPlatforms) = postSolution
		{28112741-4B6D-463E-8736-BCAACD62D868}.Debug|Any CPU.ActiveCfg = Debug|Any CPU
		{28112741-4B6D-463E-8736-BCAACD62D868}.Debug|Any CPU.Build.0 = Debug|Any CPU
		{28112741-4B6D-463E-8736-BCAACD62D868}.Release|Any CPU.ActiveCfg = Release|Any CPU
		{28112741-4B6D-463E-8736-BCAACD62D868}.Release|Any CPU.Build.0 = Release|Any CPU
	EndGlobalSection
	GlobalSection(SolutionProperties) = preSolution
		HideSolutionNode = FALSE
	EndGlobalSection
	GlobalSection(ExtensibilityGlobals) = postSolution
		SolutionGuid = {E3CFD8DC-C866-4D01-BCCD-3B77B1EDE3EE}
	EndGlobalSection
EndGlobal
